// !$*UTF8*$!
{
	archiveVersion = 1;
	classes = {
	};
	objectVersion = 46;
	objects = {

/* Begin PBXBuildFile section */
		379CEDA11E027FA4005E54CF /* main.m in Sources */ = {isa = PBXBuildFile; fileRef = 379CEDA01E027FA4005E54CF /* main.m */; };
		379CEDA41E027FA4005E54CF /* AppDelegate.m in Sources */ = {isa = PBXBuildFile; fileRef = 379CEDA31E027FA4005E54CF /* AppDelegate.m */; };
		379CEDA71E027FA4005E54CF /* ViewController.m in Sources */ = {isa = PBXBuildFile; fileRef = 379CEDA61E027FA4005E54CF /* ViewController.m */; };
		379CEDAA1E027FA4005E54CF /* Main.storyboard in Resources */ = {isa = PBXBuildFile; fileRef = 379CEDA81E027FA4005E54CF /* Main.storyboard */; };
		379CEDAC1E027FA4005E54CF /* Assets.xcassets in Resources */ = {isa = PBXBuildFile; fileRef = 379CEDAB1E027FA4005E54CF /* Assets.xcassets */; };
		379CEDAF1E027FA4005E54CF /* LaunchScreen.storyboard in Resources */ = {isa = PBXBuildFile; fileRef = 379CEDAD1E027FA4005E54CF /* LaunchScreen.storyboard */; };
		379CEDB81E0288F0005E54CF /* UISearchController+RACExtension.m in Sources */ = {isa = PBXBuildFile; fileRef = 379CEDB71E0288F0005E54CF /* UISearchController+RACExtension.m */; };
		6B3B97DE96E5CFB227CE0CBF /* Pods_RACSignalDemo.framework in Frameworks */ = {isa = PBXBuildFile; fileRef = 1F997483364C7261ACB5773F /* Pods_RACSignalDemo.framework */; };
/* End PBXBuildFile section */

/* Begin PBXFileReference section */
		1B9CD5B2C341D393710F347C /* Pods-RACSignalDemo.debug.xcconfig */ = {isa = PBXFileReference; includeInIndex = 1; lastKnownFileType = text.xcconfig; name = "Pods-RACSignalDemo.debug.xcconfig"; path = "Pods/Target Support Files/Pods-RACSignalDemo/Pods-RACSignalDemo.debug.xcconfig"; sourceTree = "<group>"; };
		1F997483364C7261ACB5773F /* Pods_RACSignalDemo.framework */ = {isa = PBXFileReference; explicitFileType = wrapper.framework; includeInIndex = 0; path = Pods_RACSignalDemo.framework; sourceTree = BUILT_PRODUCTS_DIR; };
		379CED9C1E027FA4005E54CF /* RACSignalDemo.app */ = {isa = PBXFileReference; explicitFileType = wrapper.application; includeInIndex = 0; path = RACSignalDemo.app; sourceTree = BUILT_PRODUCTS_DIR; };
		379CEDA01E027FA4005E54CF /* main.m */ = {isa = PBXFileReference; lastKnownFileType = sourcecode.c.objc; path = main.m; sourceTree = "<group>"; };
		379CEDA21E027FA4005E54CF /* AppDelegate.h */ = {isa = PBXFileReference; lastKnownFileType = sourcecode.c.h; path = AppDelegate.h; sourceTree = "<group>"; };
		379CEDA31E027FA4005E54CF /* AppDelegate.m */ = {isa = PBXFileReference; lastKnownFileType = sourcecode.c.objc; path = AppDelegate.m; sourceTree = "<group>"; };
		379CEDA51E027FA4005E54CF /* ViewController.h */ = {isa = PBXFileReference; lastKnownFileType = sourcecode.c.h; path = ViewController.h; sourceTree = "<group>"; };
		379CEDA61E027FA4005E54CF /* ViewController.m */ = {isa = PBXFileReference; lastKnownFileType = sourcecode.c.objc; path = ViewController.m; sourceTree = "<group>"; };
		379CEDA91E027FA4005E54CF /* Base */ = {isa = PBXFileReference; lastKnownFileType = file.storyboard; name = Base; path = Base.lproj/Main.storyboard; sourceTree = "<group>"; };
		379CEDAB1E027FA4005E54CF /* Assets.xcassets */ = {isa = PBXFileReference; lastKnownFileType = folder.assetcatalog; path = Assets.xcassets; sourceTree = "<group>"; };
		379CEDAE1E027FA4005E54CF /* Base */ = {isa = PBXFileReference; lastKnownFileType = file.storyboard; name = Base; path = Base.lproj/LaunchScreen.storyboard; sourceTree = "<group>"; };
		379CEDB01E027FA4005E54CF /* Info.plist */ = {isa = PBXFileReference; lastKnownFileType = text.plist.xml; path = Info.plist; sourceTree = "<group>"; };
		379CEDB61E0288F0005E54CF /* UISearchController+RACExtension.h */ = {isa = PBXFileReference; fileEncoding = 4; lastKnownFileType = sourcecode.c.h; path = "UISearchController+RACExtension.h"; sourceTree = "<group>"; };
		379CEDB71E0288F0005E54CF /* UISearchController+RACExtension.m */ = {isa = PBXFileReference; fileEncoding = 4; lastKnownFileType = sourcecode.c.objc; path = "UISearchController+RACExtension.m"; sourceTree = "<group>"; };
		37CA35F01E03947D00058328 /* UISearchController_exten.h */ = {isa = PBXFileReference; fileEncoding = 4; lastKnownFileType = sourcecode.c.h; path = UISearchController_exten.h; sourceTree = "<group>"; };
		EDB7472B20F27FBF0F8ED856 /* Pods-RACSignalDemo.release.xcconfig */ = {isa = PBXFileReference; includeInIndex = 1; lastKnownFileType = text.xcconfig; name = "Pods-RACSignalDemo.release.xcconfig"; path = "Pods/Target Support Files/Pods-RACSignalDemo/Pods-RACSignalDemo.release.xcconfig"; sourceTree = "<group>"; };
/* End PBXFileReference section */

/* Begin PBXFrameworksBuildPhase section */
		379CED991E027FA4005E54CF /* Frameworks */ = {
			isa = PBXFrameworksBuildPhase;
			buildActionMask = 2147483647;
			files = (
				6B3B97DE96E5CFB227CE0CBF /* Pods_RACSignalDemo.framework in Frameworks */,
			);
			runOnlyForDeploymentPostprocessing = 0;
		};
/* End PBXFrameworksBuildPhase section */

/* Begin PBXGroup section */
		330DEFA74188E13579DC4A2A /* Frameworks */ = {
			isa = PBXGroup;
			children = (
				1F997483364C7261ACB5773F /* Pods_RACSignalDemo.framework */,
			);
			name = Frameworks;
			sourceTree = "<group>";
		};
		379CED931E027FA4005E54CF = {
			isa = PBXGroup;
			children = (
				379CED9E1E027FA4005E54CF /* RACSignalDemo */,
				379CED9D1E027FA4005E54CF /* Products */,
				6887A9D1DD99AEFAE541D43F /* Pods */,
				330DEFA74188E13579DC4A2A /* Frameworks */,
			);
			sourceTree = "<group>";
		};
		379CED9D1E027FA4005E54CF /* Products */ = {
			isa = PBXGroup;
			children = (
				379CED9C1E027FA4005E54CF /* RACSignalDemo.app */,
			);
			name = Products;
			sourceTree = "<group>";
		};
		379CED9E1E027FA4005E54CF /* RACSignalDemo */ = {
			isa = PBXGroup;
			children = (
				379CEDA21E027FA4005E54CF /* AppDelegate.h */,
				379CEDA31E027FA4005E54CF /* AppDelegate.m */,
				379CEDA51E027FA4005E54CF /* ViewController.h */,
				379CEDA61E027FA4005E54CF /* ViewController.m */,
				379CEDB61E0288F0005E54CF /* UISearchController+RACExtension.h */,
				379CEDB71E0288F0005E54CF /* UISearchController+RACExtension.m */,
				37CA35F01E03947D00058328 /* UISearchController_exten.h */,
				379CEDA81E027FA4005E54CF /* Main.storyboard */,
				379CEDAB1E027FA4005E54CF /* Assets.xcassets */,
				379CEDAD1E027FA4005E54CF /* LaunchScreen.storyboard */,
				379CEDB01E027FA4005E54CF /* Info.plist */,
				379CED9F1E027FA4005E54CF /* Supporting Files */,
			);
			path = RACSignalDemo;
			sourceTree = "<group>";
		};
		379CED9F1E027FA4005E54CF /* Supporting Files */ = {
			isa = PBXGroup;
			children = (
				379CEDA01E027FA4005E54CF /* main.m */,
			);
			name = "Supporting Files";
			sourceTree = "<group>";
		};
		6887A9D1DD99AEFAE541D43F /* Pods */ = {
			isa = PBXGroup;
			children = (
				1B9CD5B2C341D393710F347C /* Pods-RACSignalDemo.debug.xcconfig */,
				EDB7472B20F27FBF0F8ED856 /* Pods-RACSignalDemo.release.xcconfig */,
			);
			name = Pods;
			sourceTree = "<group>";
		};
/* End PBXGroup section */

/* Begin PBXNativeTarget section */
		379CED9B1E027FA4005E54CF /* RACSignalDemo */ = {
			isa = PBXNativeTarget;
			buildConfigurationList = 379CEDB31E027FA4005E54CF /* Build configuration list for PBXNativeTarget "RACSignalDemo" */;
			buildPhases = (
				7F785144B6E4C64DA2A00650 /* [CP] Check Pods Manifest.lock */,
				379CED981E027FA4005E54CF /* Sources */,
				379CED991E027FA4005E54CF /* Frameworks */,
				379CED9A1E027FA4005E54CF /* Resources */,
				4956868118A8879E7127EF5B /* [CP] Embed Pods Frameworks */,
				35EB8E0781840EEBC4B8A46D /* [CP] Copy Pods Resources */,
			);
			buildRules = (
			);
			dependencies = (
			);
			name = RACSignalDemo;
			productName = RACSignalDemo;
			productReference = 379CED9C1E027FA4005E54CF /* RACSignalDemo.app */;
			productType = "com.apple.product-type.application";
		};
/* End PBXNativeTarget section */

/* Begin PBXProject section */
		379CED941E027FA4005E54CF /* Project object */ = {
			isa = PBXProject;
			attributes = {
				LastUpgradeCheck = 0800;
				ORGANIZATIONNAME = Pinksnow;
				TargetAttributes = {
					379CED9B1E027FA4005E54CF = {
						CreatedOnToolsVersion = 8.0;
						DevelopmentTeam = CSVJ5Z326T;
						ProvisioningStyle = Automatic;
					};
				};
			};
			buildConfigurationList = 379CED971E027FA4005E54CF /* Build configuration list for PBXProject "RACSignalDemo" */;
			compatibilityVersion = "Xcode 3.2";
			developmentRegion = English;
			hasScannedForEncodings = 0;
			knownRegions = (
				en,
				Base,
			);
			mainGroup = 379CED931E027FA4005E54CF;
			productRefGroup = 379CED9D1E027FA4005E54CF /* Products */;
			projectDirPath = "";
			projectRoot = "";
			targets = (
				379CED9B1E027FA4005E54CF /* RACSignalDemo */,
			);
		};
/* End PBXProject section */

/* Begin PBXResourcesBuildPhase section */
		379CED9A1E027FA4005E54CF /* Resources */ = {
			isa = PBXResourcesBuildPhase;
			buildActionMask = 2147483647;
			files = (
				379CEDAF1E027FA4005E54CF /* LaunchScreen.storyboard in Resources */,
				379CEDAC1E027FA4005E54CF /* Assets.xcassets in Resources */,
				379CEDAA1E027FA4005E54CF /* Main.storyboard in Resources */,
			);
			runOnlyForDeploymentPostprocessing = 0;
		};
/* End PBXResourcesBuildPhase section */

/* Begin PBXShellScriptBuildPhase section */
		35EB8E0781840EEBC4B8A46D /* [CP] Copy Pods Resources */ = {
			isa = PBXShellScriptBuildPhase;
			buildActionMask = 2147483647;
			files = (
			);
			inputPaths = (
			);
			name = "[CP] Copy Pods Resources";
			outputPaths = (
			);
			runOnlyForDeploymentPostprocessing = 0;
			shellPath = /bin/sh;
			shellScript = "\"${SRCROOT}/Pods/Target Support Files/Pods-RACSignalDemo/Pods-RACSignalDemo-resources.sh\"\n";
			showEnvVarsInLog = 0;
		};
		4956868118A8879E7127EF5B /* [CP] Embed Pods Frameworks */ = {
			isa = PBXShellScriptBuildPhase;
			buildActionMask = 2147483647;
			files = (
			);
			inputPaths = (
			);
			name = "[CP] Embed Pods Frameworks";
			outputPaths = (
			);
			runOnlyForDeploymentPostprocessing = 0;
			shellPath = /bin/sh;
			shellScript = "\"${SRCROOT}/Pods/Target Support Files/Pods-RACSignalDemo/Pods-RACSignalDemo-frameworks.sh\"\n";
			showEnvVarsInLog = 0;
		};
		7F785144B6E4C64DA2A00650 /* [CP] Check Pods Manifest.lock */ = {
			isa = PBXShellScriptBuildPhase;
			buildActionMask = 2147483647;
			files = (
			);
			inputPaths = (
			);
			name = "[CP] Check Pods Manifest.lock";
			outputPaths = (
			);
			runOnlyForDeploymentPostprocessing = 0;
			shellPath = /bin/sh;
			shellScript = "diff \"${PODS_ROOT}/../Podfile.lock\" \"${PODS_ROOT}/Manifest.lock\" > /dev/null\nif [[ $? != 0 ]] ; then\n    cat << EOM\nerror: The sandbox is not in sync with the Podfile.lock. Run 'pod install' or update your CocoaPods installation.\nEOM\n    exit 1\nfi\n";
			showEnvVarsInLog = 0;
		};
/* End PBXShellScriptBuildPhase section */

/* Begin PBXSourcesBuildPhase section */
		379CED981E027FA4005E54CF /* Sources */ = {
			isa = PBXSourcesBuildPhase;
			buildActionMask = 2147483647;
			files = (
				379CEDA71E027FA4005E54CF /* ViewController.m in Sources */,
				379CEDA41E027FA4005E54CF /* AppDelegate.m in Sources */,
				379CEDB81E0288F0005E54CF /* UISearchController+RACExtension.m in Sources */,
				379CEDA11E027FA4005E54CF /* main.m in Sources */,
			);
			runOnlyForDeploymentPostprocessing = 0;
		};
/* End PBXSourcesBuildPhase section */

/* Begin PBXVariantGroup section */
		379CEDA81E027FA4005E54CF /* Main.storyboard */ = {
			isa = PBXVariantGroup;
			children = (
				379CEDA91E027FA4005E54CF /* Base */,
			);
			name = Main.storyboard;
			sourceTree = "<group>";
		};
		379CEDAD1E027FA4005E54CF /* LaunchScreen.storyboard */ = {
			isa = PBXVariantGroup;
			children = (
				379CEDAE1E027FA4005E54CF /* Base */,
			);
			name = LaunchScreen.storyboard;
			sourceTree = "<group>";
		};
/* End PBXVariantGroup section */

/* Begin XCBuildConfiguration section */
		379CEDB11E027FA4005E54CF /* Debug */ = {
			isa = XCBuildConfiguration;
			buildSettings = {
				ALWAYS_SEARCH_USER_PATHS = NO;
				CLANG_ANALYZER_NONNULL = YES;
				CLANG_CXX_LANGUAGE_STANDARD = "gnu++0x";
				CLANG_CXX_LIBRARY = "libc++";
				CLANG_ENABLE_MODULES = YES;
				CLANG_ENABLE_OBJC_ARC = YES;
				CLANG_WARN_BOOL_CONVERSION = YES;
				CLANG_WARN_CONSTANT_CONVERSION = YES;
				CLANG_WARN_DIRECT_OBJC_ISA_USAGE = YES_ERROR;
				CLANG_WARN_DOCUMENTATION_COMMENTS = YES;
				CLANG_WARN_EMPTY_BODY = YES;
				CLANG_WARN_ENUM_CONVERSION = YES;
				CLANG_WARN_INFINITE_RECURSION = YES;
				CLANG_WARN_INT_CONVERSION = YES;
				CLANG_WARN_OBJC_ROOT_CLASS = YES_ERROR;
				CLANG_WARN_SUSPICIOUS_MOVES = YES;
				CLANG_WARN_UNREACHABLE_CODE = YES;
				CLANG_WARN__DUPLICATE_METHOD_MATCH = YES;
				"CODE_SIGN_IDENTITY[sdk=iphoneos*]" = "iPhone Developer";
				COPY_PHASE_STRIP = NO;
				DEBUG_INFORMATION_FORMAT = dwarf;
				ENABLE_STRICT_OBJC_MSGSEND = YES;
				ENABLE_TESTABILITY = YES;
				GCC_C_LANGUAGE_STANDARD = gnu99;
				GCC_DYNAMIC_NO_PIC = NO;
				GCC_NO_COMMON_BLOCKS = YES;
				GCC_OPTIMIZATION_LEVEL = 0;
				GCC_PREPROCESSOR_DEFINITIONS = (
					"DEBUG=1",
					"$(inherited)",
				);
				GCC_WARN_64_TO_32_BIT_CONVERSION = YES;
				GCC_WARN_ABOUT_RETURN_TYPE = YES_ERROR;
				GCC_WARN_UNDECLARED_SELECTOR = YES;
				GCC_WARN_UNINITIALIZED_AUTOS = YES_AGGRESSIVE;
				GCC_WARN_UNUSED_FUNCTION = YES;
				GCC_WARN_UNUSED_VARIABLE = YES;
				IPHONEOS_DEPLOYMENT_TARGET = 10.0;
				MTL_ENABLE_DEBUG_INFO = YES;
				ONLY_ACTIVE_ARCH = YES;
				SDKROOT = iphoneos;
			};
			name = Debug;
		};
		379CEDB21E027FA4005E54CF /* Release */ = {
			isa = XCBuildConfiguration;
			buildSettings = {
				ALWAYS_SEARCH_USER_PATHS = NO;
				CLANG_ANALYZER_NONNULL = YES;
				CLANG_CXX_LANGUAGE_STANDARD = "gnu++0x";
				CLANG_CXX_LIBRARY = "libc++";
				CLANG_ENABLE_MODULES = YES;
				CLANG_ENABLE_OBJC_ARC = YES;
				CLANG_WARN_BOOL_CONVERSION = YES;
				CLANG_WARN_CONSTANT_CONVERSION = YES;
				CLANG_WARN_DIRECT_OBJC_ISA_USAGE = YES_ERROR;
				CLANG_WARN_DOCUMENTATION_COMMENTS = YES;
				CLANG_WARN_EMPTY_BODY = YES;
				CLANG_WARN_ENUM_CONVERSION = YES;
				CLANG_WARN_INFINITE_RECURSION = YES;
				CLANG_WARN_INT_CONVERSION = YES;
				CLANG_WARN_OBJC_ROOT_CLASS = YES_ERROR;
				CLANG_WARN_SUSPICIOUS_MOVES = YES;
				CLANG_WARN_UNREACHABLE_CODE = YES;
				CLANG_WARN__DUPLICATE_METHOD_MATCH = YES;
				"CODE_SIGN_IDENTITY[sdk=iphoneos*]" = "iPhone Developer";
				COPY_PHASE_STRIP = NO;
				DEBUG_INFORMATION_FORMAT = "dwarf-with-dsym";
				ENABLE_NS_ASSERTIONS = NO;
				ENABLE_STRICT_OBJC_MSGSEND = YES;
				GCC_C_LANGUAGE_STANDARD = gnu99;
				GCC_NO_COMMON_BLOCKS = YES;
				GCC_WARN_64_TO_32_BIT_CONVERSION = YES;
				GCC_WARN_ABOUT_RETURN_TYPE = YES_ERROR;
				GCC_WARN_UNDECLARED_SELECTOR = YES;
				GCC_WARN_UNINITIALIZED_AUTOS = YES_AGGRESSIVE;
				GCC_WARN_UNUSED_FUNCTION = YES;
				GCC_WARN_UNUSED_VARIABLE = YES;
				IPHONEOS_DEPLOYMENT_TARGET = 10.0;
				MTL_ENABLE_DEBUG_INFO = NO;
				SDKROOT = iphoneos;
				VALIDATE_PRODUCT = YES;
			};
			name = Release;
		};
		379CEDB41E027FA4005E54CF /* Debug */ = {
			isa = XCBuildConfiguration;
			baseConfigurationReference = 1B9CD5B2C341D393710F347C /* Pods-RACSignalDemo.debug.xcconfig */;
			buildSettings = {
				ASSETCATALOG_COMPILER_APPICON_NAME = AppIcon;
				DEVELOPMENT_TEAM = CSVJ5Z326T;
				HEADER_SEARCH_PATHS = "$(PODS_ROOT)";
				INFOPLIST_FILE = RACSignalDemo/Info.plist;
				LD_RUNPATH_SEARCH_PATHS = "$(inherited) @executable_path/Frameworks";
				LIBRARY_SEARCH_PATHS = "$(PODS_ROOT)";
				PRODUCT_BUNDLE_IDENTIFIER = com.Joker.RACSignalDemo;
				PRODUCT_NAME = "$(TARGET_NAME)";
			};
			name = Debug;
		};
		379CEDB51E027FA4005E54CF /* Release */ = {
			isa = XCBuildConfiguration;
			baseConfigurationReference = EDB7472B20F27FBF0F8ED856 /* Pods-RACSignalDemo.release.xcconfig */;
			buildSettings = {
				ASSETCATALOG_COMPILER_APPICON_NAME = AppIcon;
				DEVELOPMENT_TEAM = CSVJ5Z326T;
				HEADER_SEARCH_PATHS = "$(PODS_ROOT)";
				INFOPLIST_FILE = RACSignalDemo/Info.plist;
				LD_RUNPATH_SEARCH_PATHS = "$(inherited) @executable_path/Frameworks";
				LIBRARY_SEARCH_PATHS = "$(PODS_ROOT)";
				PRODUCT_BUNDLE_IDENTIFIER = com.Joker.RACSignalDemo;
				PRODUCT_NAME = "$(TARGET_NAME)";
			};
			name = Release;
		};
/* End XCBuildConfiguration section */

/* Begin XCConfigurationList section */
		379CED971E027FA4005E54CF /* Build configuration list for PBXProject "RACSignalDemo" */ = {
			isa = XCConfigurationList;
			buildConfigurations = (
				379CEDB11E027FA4005E54CF /* Debug */,
				379CEDB21E027FA4005E54CF /* Release */,
			);
			defaultConfigurationIsVisible = 0;
			defaultConfigurationName = Release;
		};
		379CEDB31E027FA4005E54CF /* Build configuration list for PBXNativeTarget "RACSignalDemo" */ = {
			isa = XCConfigurationList;
			buildConfigurations = (
				379CEDB41E027FA4005E54CF /* Debug */,
				379CEDB51E027FA4005E54CF /* Release */,
			);
			defaultConfigurationIsVisible = 0;
			defaultConfigurationName = Release;
		};
/* End XCConfigurationList section */
	};
	rootObject = 379CED941E027FA4005E54CF /* Project object */;
}
